
Microsoft Visual Studio Solution File, Format Version 12.00
# Visual Studio Version 16
VisualStudioVersion = 16.0.30503.244
MinimumVisualStudioVersion = 10.0.40219.1
Project("{FAE04EC0-301F-11D3-BF4B-00C04F79EFBC}") = "WebApplication11", "WebApplication11\WebApplication11.csproj", "{05F32443-04B9-40D5-9C7F-DF11EFA8A035}"
EndProject
Global
	GlobalSection(SolutionConfigurationPlatforms) = preSolution
		Debug|Any CPU = Debug|Any CPU
		Release|Any CPU = Release|Any CPU
	EndGlobalSection
	GlobalSection(ProjectConfigurationPlatforms) = postSolution
		{05F32443-04B9-40D5-9C7F-DF11EFA8A035}.Debug|Any CPU.ActiveCfg = Debug|Any CPU
		{05F32443-04B9-40D5-9C7F-DF11EFA8A035}.Debug|Any CPU.Build.0 = Debug|Any CPU
		{05F32443-04B9-40D5-9C7F-DF11EFA8A035}.Release|Any CPU.ActiveCfg = Release|Any CPU
		{05F32443-04B9-40D5-9C7F-DF11EFA8A035}.Release|Any CPU.Build.0 = Release|Any CPU
	EndGlobalSection
	GlobalSection(SolutionProperties) = preSolution
		HideSolutionNode = FALSE
	EndGlobalSection
	GlobalSection(ExtensibilityGlobals) = postSolution
		SolutionGuid = {14EF352F-2A54-41C2-9888-D5D88D9C22C9}
	EndGlobalSection
EndGlobal
